
Microsoft Visual Studio Solution File, Format Version 12.00
# Visual Studio Version 16
VisualStudioVersion = 16.0.31729.503
MinimumVisualStudioVersion = 10.0.40219.1
Project("{FAE04EC0-301F-11D3-BF4B-00C04F79EFBC}") = "WAD_EXAM", "WAD_EXAM\WAD_EXAM.csproj", "{B2A977D4-1D3B-4FE6-B84C-249F49BFC57C}"
EndProject
Global
	GlobalSection(SolutionConfigurationPlatforms) = preSolution
		Debug|Any CPU = Debug|Any CPU
		Release|Any CPU = Release|Any CPU
	EndGlobalSection
	GlobalSection(ProjectConfigurationPlatforms) = postSolution
		{B2A977D4-1D3B-4FE6-B84C-249F49BFC57C}.Debug|Any CPU.ActiveCfg = Debug|Any CPU
		{B2A977D4-1D3B-4FE6-B84C-249F49BFC57C}.Debug|Any CPU.Build.0 = Debug|Any CPU
		{B2A977D4-1D3B-4FE6-B84C-249F49BFC57C}.Release|Any CPU.ActiveCfg = Release|Any CPU
		{B2A977D4-1D3B-4FE6-B84C-249F49BFC57C}.Release|Any CPU.Build.0 = Release|Any CPU
	EndGlobalSection
	GlobalSection(SolutionProperties) = preSolution
		HideSolutionNode = FALSE
	EndGlobalSection
	GlobalSection(ExtensibilityGlobals) = postSolution
		SolutionGuid = {D71E534E-F021-4578-9DF0-1D4DF082BEAB}
	EndGlobalSection
EndGlobal
